
Microsoft Visual Studio Solution File, Format Version 12.00
# Visual Studio Version 17
VisualStudioVersion = 17.8.34511.84
MinimumVisualStudioVersion = 10.0.40219.1
Project("{FAE04EC0-301F-11D3-BF4B-00C04F79EFBC}") = "Loop for", "Lab4\Loop for.csproj", "{69E6E90F-CD4E-47F3-BD23-F39FE4D8F411}"
EndProject
Project("{FAE04EC0-301F-11D3-BF4B-00C04F79EFBC}") = "LoopWhile", "LoopWhile\LoopWhile.csproj", "{08FD2BBB-4C89-4376-9ADE-DA1514281339}"
EndProject
Project("{FAE04EC0-301F-11D3-BF4B-00C04F79EFBC}") = "Lab 4.2", "Lab 4.2\Lab 4.2.csproj", "{3D4DDCE3-F077-4697-8955-B459AF95A3F0}"
EndProject
Global
	GlobalSection(SolutionConfigurationPlatforms) = preSolution
		Debug|Any CPU = Debug|Any CPU
		Release|Any CPU = Release|Any CPU
	EndGlobalSection
	GlobalSection(ProjectConfigurationPlatforms) = postSolution
		{69E6E90F-CD4E-47F3-BD23-F39FE4D8F411}.Debug|Any CPU.ActiveCfg = Debug|Any CPU
		{69E6E90F-CD4E-47F3-BD23-F39FE4D8F411}.Debug|Any CPU.Build.0 = Debug|Any CPU
		{69E6E90F-CD4E-47F3-BD23-F39FE4D8F411}.Release|Any CPU.ActiveCfg = Release|Any CPU
		{69E6E90F-CD4E-47F3-BD23-F39FE4D8F411}.Release|Any CPU.Build.0 = Release|Any CPU
		{08FD2BBB-4C89-4376-9ADE-DA1514281339}.Debug|Any CPU.ActiveCfg = Debug|Any CPU
		{08FD2BBB-4C89-4376-9ADE-DA1514281339}.Debug|Any CPU.Build.0 = Debug|Any CPU
		{08FD2BBB-4C89-4376-9ADE-DA1514281339}.Release|Any CPU.ActiveCfg = Release|Any CPU
		{08FD2BBB-4C89-4376-9ADE-DA1514281339}.Release|Any CPU.Build.0 = Release|Any CPU
		{3D4DDCE3-F077-4697-8955-B459AF95A3F0}.Debug|Any CPU.ActiveCfg = Debug|Any CPU
		{3D4DDCE3-F077-4697-8955-B459AF95A3F0}.Debug|Any CPU.Build.0 = Debug|Any CPU
		{3D4DDCE3-F077-4697-8955-B459AF95A3F0}.Release|Any CPU.ActiveCfg = Release|Any CPU
		{3D4DDCE3-F077-4697-8955-B459AF95A3F0}.Release|Any CPU.Build.0 = Release|Any CPU
	EndGlobalSection
	GlobalSection(SolutionProperties) = preSolution
		HideSolutionNode = FALSE
	EndGlobalSection
	GlobalSection(ExtensibilityGlobals) = postSolution
		SolutionGuid = {D3ABAAAB-47B6-4C39-BA39-01316DD10C1A}
	EndGlobalSection
EndGlobal
